
Microsoft Visual Studio Solution File, Format Version 12.00
# Visual Studio Version 17
VisualStudioVersion = 17.10.35122.118
MinimumVisualStudioVersion = 10.0.40219.1
Project("{9A19103F-16F7-4668-BE54-9A1E7A4F7556}") = "LinkedListQueues", "LinkedListQueues.csproj", "{68CCB243-D1BB-4D4D-889E-5235D27C64AF}"
EndProject
Global
	GlobalSection(SolutionConfigurationPlatforms) = preSolution
		Debug|Any CPU = Debug|Any CPU
		Release|Any CPU = Release|Any CPU
	EndGlobalSection
	GlobalSection(ProjectConfigurationPlatforms) = postSolution
		{68CCB243-D1BB-4D4D-889E-5235D27C64AF}.Debug|Any CPU.ActiveCfg = Debug|Any CPU
		{68CCB243-D1BB-4D4D-889E-5235D27C64AF}.Debug|Any CPU.Build.0 = Debug|Any CPU
		{68CCB243-D1BB-4D4D-889E-5235D27C64AF}.Release|Any CPU.ActiveCfg = Release|Any CPU
		{68CCB243-D1BB-4D4D-889E-5235D27C64AF}.Release|Any CPU.Build.0 = Release|Any CPU
	EndGlobalSection
	GlobalSection(SolutionProperties) = preSolution
		HideSolutionNode = FALSE
	EndGlobalSection
	GlobalSection(ExtensibilityGlobals) = postSolution
		SolutionGuid = {101B88FD-4AC4-4C85-97E2-4BA526A5ADF1}
	EndGlobalSection
EndGlobal
